
Microsoft Visual Studio Solution File, Format Version 12.00
# Visual Studio Version 16
VisualStudioVersion = 16.0.31729.503
MinimumVisualStudioVersion = 10.0.40219.1
Project("{F184B08F-C81C-45F6-A57F-5ABD9991F28F}") = "eDMSystem", "eDMSystem\eDMSystem.vbproj", "{F2A42D1F-23A6-4C5E-957A-023A97F20BA2}"
EndProject
Project("{54435603-DBB4-11D2-8724-00A0C9A8B90C}") = "Setup", "Setup\Setup.vdproj", "{306BA868-2F03-4E95-82F2-9D2F443DF559}"
EndProject
Global
	GlobalSection(SolutionConfigurationPlatforms) = preSolution
		Debug|Any CPU = Debug|Any CPU
		Release|Any CPU = Release|Any CPU
	EndGlobalSection
	GlobalSection(ProjectConfigurationPlatforms) = postSolution
		{F2A42D1F-23A6-4C5E-957A-023A97F20BA2}.Debug|Any CPU.ActiveCfg = Release|Any CPU
		{F2A42D1F-23A6-4C5E-957A-023A97F20BA2}.Debug|Any CPU.Build.0 = Release|Any CPU
		{F2A42D1F-23A6-4C5E-957A-023A97F20BA2}.Release|Any CPU.ActiveCfg = Debug|Any CPU
		{F2A42D1F-23A6-4C5E-957A-023A97F20BA2}.Release|Any CPU.Build.0 = Debug|Any CPU
		{306BA868-2F03-4E95-82F2-9D2F443DF559}.Debug|Any CPU.ActiveCfg = Release
		{306BA868-2F03-4E95-82F2-9D2F443DF559}.Release|Any CPU.ActiveCfg = Debug
	EndGlobalSection
	GlobalSection(SolutionProperties) = preSolution
		HideSolutionNode = FALSE
	EndGlobalSection
	GlobalSection(ExtensibilityGlobals) = postSolution
		SolutionGuid = {AABE8A0F-2769-4E41-8E98-3350B1475381}
	EndGlobalSection
EndGlobal
